
Microsoft Visual Studio Solution File, Format Version 12.00
# Visual Studio Version 16
VisualStudioVersion = 16.0.30907.101
MinimumVisualStudioVersion = 10.0.40219.1
Project("{9A19103F-16F7-4668-BE54-9A1E7A4F7556}") = "DemoAPI-app", "DemoAPI-app\DemoAPI-app.csproj", "{B45564C4-0066-47B0-9563-E6355D089499}"
EndProject
Project("{FAE04EC0-301F-11D3-BF4B-00C04F79EFBC}") = "DemoAPI-TestProject", "DemoAPI-TestProject\DemoAPI-TestProject.csproj", "{A0FE9D8A-E31F-4FA9-9D0B-1FFD3CB9D637}"
EndProject
Global
	GlobalSection(SolutionConfigurationPlatforms) = preSolution
		Debug|Any CPU = Debug|Any CPU
		Release|Any CPU = Release|Any CPU
	EndGlobalSection
	GlobalSection(ProjectConfigurationPlatforms) = postSolution
		{B45564C4-0066-47B0-9563-E6355D089499}.Debug|Any CPU.ActiveCfg = Debug|Any CPU
		{B45564C4-0066-47B0-9563-E6355D089499}.Debug|Any CPU.Build.0 = Debug|Any CPU
		{B45564C4-0066-47B0-9563-E6355D089499}.Release|Any CPU.ActiveCfg = Release|Any CPU
		{B45564C4-0066-47B0-9563-E6355D089499}.Release|Any CPU.Build.0 = Release|Any CPU
		{A0FE9D8A-E31F-4FA9-9D0B-1FFD3CB9D637}.Debug|Any CPU.ActiveCfg = Debug|Any CPU
		{A0FE9D8A-E31F-4FA9-9D0B-1FFD3CB9D637}.Debug|Any CPU.Build.0 = Debug|Any CPU
		{A0FE9D8A-E31F-4FA9-9D0B-1FFD3CB9D637}.Release|Any CPU.ActiveCfg = Release|Any CPU
		{A0FE9D8A-E31F-4FA9-9D0B-1FFD3CB9D637}.Release|Any CPU.Build.0 = Release|Any CPU
	EndGlobalSection
	GlobalSection(SolutionProperties) = preSolution
		HideSolutionNode = FALSE
	EndGlobalSection
	GlobalSection(ExtensibilityGlobals) = postSolution
		SolutionGuid = {8B83278F-DB00-460C-BEDA-CC0B1B155019}
	EndGlobalSection
EndGlobal
